
Microsoft Visual Studio Solution File, Format Version 12.00
Project("{FAE04EC0-301F-11D3-BF4B-00C04F79EFBC}") = "CustomerApi", "CustomerApi\CustomerApi.csproj", "{364A4F56-D44C-497D-9223-556391C1238B}"
EndProject
Project("{FAE04EC0-301F-11D3-BF4B-00C04F79EFBC}") = "OrderApi", "OrderApi\OrderApi.csproj", "{FBE8ECAB-9931-4314-8424-C883DFCF24DC}"
EndProject
Project("{FAE04EC0-301F-11D3-BF4B-00C04F79EFBC}") = "Gateway", "Gateway\Gateway.csproj", "{EAC388F5-1E5B-4087-B031-2EEF967F563B}"
EndProject
Global
	GlobalSection(SolutionConfigurationPlatforms) = preSolution
		Debug|Any CPU = Debug|Any CPU
		Release|Any CPU = Release|Any CPU
	EndGlobalSection
	GlobalSection(ProjectConfigurationPlatforms) = postSolution
		{364A4F56-D44C-497D-9223-556391C1238B}.Debug|Any CPU.ActiveCfg = Debug|Any CPU
		{364A4F56-D44C-497D-9223-556391C1238B}.Debug|Any CPU.Build.0 = Debug|Any CPU
		{364A4F56-D44C-497D-9223-556391C1238B}.Release|Any CPU.ActiveCfg = Release|Any CPU
		{364A4F56-D44C-497D-9223-556391C1238B}.Release|Any CPU.Build.0 = Release|Any CPU
		{FBE8ECAB-9931-4314-8424-C883DFCF24DC}.Debug|Any CPU.ActiveCfg = Debug|Any CPU
		{FBE8ECAB-9931-4314-8424-C883DFCF24DC}.Debug|Any CPU.Build.0 = Debug|Any CPU
		{FBE8ECAB-9931-4314-8424-C883DFCF24DC}.Release|Any CPU.ActiveCfg = Release|Any CPU
		{FBE8ECAB-9931-4314-8424-C883DFCF24DC}.Release|Any CPU.Build.0 = Release|Any CPU
		{EAC388F5-1E5B-4087-B031-2EEF967F563B}.Debug|Any CPU.ActiveCfg = Debug|Any CPU
		{EAC388F5-1E5B-4087-B031-2EEF967F563B}.Debug|Any CPU.Build.0 = Debug|Any CPU
		{EAC388F5-1E5B-4087-B031-2EEF967F563B}.Release|Any CPU.ActiveCfg = Release|Any CPU
		{EAC388F5-1E5B-4087-B031-2EEF967F563B}.Release|Any CPU.Build.0 = Release|Any CPU
	EndGlobalSection
EndGlobal
